PODS:
  - BadgeControl (0.0.1)

DEPENDENCIES:
  - BadgeControl (from `../BadgeControl`)

EXTERNAL SOURCES:
  BadgeControl:
    :path: ../BadgeControl

SPEC CHECKSUMS:
  BadgeControl: 93ad90d41762d0ef76469bc32316d6a6b2317221

PODFILE CHECKSUM: b11589a605f68caa4712d1f95143364c77ff9c0c

COCOAPODS: 1.3.1
